
Microsoft Visual Studio Solution File, Format Version 12.00
# Visual Studio 15
VisualStudioVersion = 15.0.28010.2041
MinimumVisualStudioVersion = 10.0.40219.1
Project("{FAE04EC0-301F-11D3-BF4B-00C04F79EFBC}") = "angApplication", "angApplication\angApplication.csproj", "{40676A35-7B71-49B1-BFA2-203808CFE733}"
EndProject
Global
	GlobalSection(SolutionConfigurationPlatforms) = preSolution
		Debug|Any CPU = Debug|Any CPU
		Release|Any CPU = Release|Any CPU
	EndGlobalSection
	GlobalSection(ProjectConfigurationPlatforms) = postSolution
		{40676A35-7B71-49B1-BFA2-203808CFE733}.Debug|Any CPU.ActiveCfg = Debug|Any CPU
		{40676A35-7B71-49B1-BFA2-203808CFE733}.Debug|Any CPU.Build.0 = Debug|Any CPU
		{40676A35-7B71-49B1-BFA2-203808CFE733}.Release|Any CPU.ActiveCfg = Release|Any CPU
		{40676A35-7B71-49B1-BFA2-203808CFE733}.Release|Any CPU.Build.0 = Release|Any CPU
	EndGlobalSection
	GlobalSection(SolutionProperties) = preSolution
		HideSolutionNode = FALSE
	EndGlobalSection
	GlobalSection(ExtensibilityGlobals) = postSolution
		SolutionGuid = {11E3B22B-54B7-4E6B-AADE-87B18466647E}
	EndGlobalSection
EndGlobal
